
Microsoft Visual Studio Solution File, Format Version 12.00
# Visual Studio 14
VisualStudioVersion = 14.0.24720.0
MinimumVisualStudioVersion = 10.0.40219.1
Project("{2150E333-8FDC-42A3-9474-1A3956D46DE8}") = "DataObject", "DataObject", "{3CA71EE6-4E76-48B1-BD73-73F51AFC1E8A}"
EndProject
Project("{2150E333-8FDC-42A3-9474-1A3956D46DE8}") = "DataAccess", "DataAccess", "{0683F2BE-B619-4305-AD8C-77324B329A0A}"
EndProject
Project("{FAE04EC0-301F-11D3-BF4B-00C04F79EFBC}") = "BAGservice", "BAGservice\BAGservice.csproj", "{DFE94ED6-A615-489C-A83C-81FD7F293789}"
EndProject
Project("{FAE04EC0-301F-11D3-BF4B-00C04F79EFBC}") = "BAG.Account.DataAccess", "BAG.DataAccess\BAG.Account.DataAccess.csproj", "{0C378A9F-873F-4ED5-AA37-A157AC682032}"
EndProject
Project("{FAE04EC0-301F-11D3-BF4B-00C04F79EFBC}") = "BAG.Admin.Dataaccess", "BAG.Admin.Dataaccess\BAG.Admin.Dataaccess.csproj", "{D9FDECD0-2F92-4556-86A8-5532AE2DAC7B}"
EndProject
Project("{FAE04EC0-301F-11D3-BF4B-00C04F79EFBC}") = "BAG.Contacts.DataAccess", "BAG.General.DataAccess\BAG.Contacts.DataAccess.csproj", "{98735A74-85E5-40FF-9B60-5C0A8F98DEAF}"
EndProject
Project("{FAE04EC0-301F-11D3-BF4B-00C04F79EFBC}") = "BAG.Event.DataAccess", "BAG.Events.DataAccess\BAG.Event.DataAccess.csproj", "{A17B112D-3C0E-4095-A99A-2237DCBF14DB}"
EndProject
Project("{FAE04EC0-301F-11D3-BF4B-00C04F79EFBC}") = "BAG.Admin.Dataobject", "BAG.Admin.Dataobject\BAG.Admin.Dataobject.csproj", "{369CC541-B300-4423-A6C9-6F19C6DFFED8}"
EndProject
Project("{FAE04EC0-301F-11D3-BF4B-00C04F79EFBC}") = "BAG.CustomObject", "BAG.CustomObject\BAG.CustomObject.csproj", "{1AEFCEE6-55E7-4564-8AF1-0F9DD2D54F34}"
EndProject
Project("{FAE04EC0-301F-11D3-BF4B-00C04F79EFBC}") = "BAG.DataObject", "BAG.DataObject\BAG.DataObject.csproj", "{48B736EE-0BF2-40B7-9DE3-562BD57162B7}"
EndProject
Project("{FAE04EC0-301F-11D3-BF4B-00C04F79EFBC}") = "BAG.Admin.Objects", "BAG.Admin.Objects\BAG.Admin.Objects.csproj", "{6EDA8974-FFF4-4DC6-A292-9E8480D372ED}"
EndProject
Project("{FAE04EC0-301F-11D3-BF4B-00C04F79EFBC}") = "BAG.CommonConstants", "BAG.CommonConstants\BAG.CommonConstants.csproj", "{D9F12818-7E31-4CA6-9AF7-EFC9832273F4}"
EndProject
Global
	GlobalSection(SolutionConfigurationPlatforms) = preSolution
		Debug|Any CPU = Debug|Any CPU
		Release|Any CPU = Release|Any CPU
	EndGlobalSection
	GlobalSection(ProjectConfigurationPlatforms) = postSolution
		{DFE94ED6-A615-489C-A83C-81FD7F293789}.Debug|Any CPU.ActiveCfg = Debug|Any CPU
		{DFE94ED6-A615-489C-A83C-81FD7F293789}.Debug|Any CPU.Build.0 = Debug|Any CPU
		{DFE94ED6-A615-489C-A83C-81FD7F293789}.Release|Any CPU.ActiveCfg = Release|Any CPU
		{DFE94ED6-A615-489C-A83C-81FD7F293789}.Release|Any CPU.Build.0 = Release|Any CPU
		{0C378A9F-873F-4ED5-AA37-A157AC682032}.Debug|Any CPU.ActiveCfg = Debug|Any CPU
		{0C378A9F-873F-4ED5-AA37-A157AC682032}.Debug|Any CPU.Build.0 = Debug|Any CPU
		{0C378A9F-873F-4ED5-AA37-A157AC682032}.Release|Any CPU.ActiveCfg = Release|Any CPU
		{0C378A9F-873F-4ED5-AA37-A157AC682032}.Release|Any CPU.Build.0 = Release|Any CPU
		{D9FDECD0-2F92-4556-86A8-5532AE2DAC7B}.Debug|Any CPU.ActiveCfg = Debug|Any CPU
		{D9FDECD0-2F92-4556-86A8-5532AE2DAC7B}.Debug|Any CPU.Build.0 = Debug|Any CPU
		{D9FDECD0-2F92-4556-86A8-5532AE2DAC7B}.Release|Any CPU.ActiveCfg = Release|Any CPU
		{D9FDECD0-2F92-4556-86A8-5532AE2DAC7B}.Release|Any CPU.Build.0 = Release|Any CPU
		{98735A74-85E5-40FF-9B60-5C0A8F98DEAF}.Debug|Any CPU.ActiveCfg = Debug|Any CPU
		{98735A74-85E5-40FF-9B60-5C0A8F98DEAF}.Debug|Any CPU.Build.0 = Debug|Any CPU
		{98735A74-85E5-40FF-9B60-5C0A8F98DEAF}.Release|Any CPU.ActiveCfg = Release|Any CPU
		{98735A74-85E5-40FF-9B60-5C0A8F98DEAF}.Release|Any CPU.Build.0 = Release|Any CPU
		{A17B112D-3C0E-4095-A99A-2237DCBF14DB}.Debug|Any CPU.ActiveCfg = Debug|Any CPU
		{A17B112D-3C0E-4095-A99A-2237DCBF14DB}.Debug|Any CPU.Build.0 = Debug|Any CPU
		{A17B112D-3C0E-4095-A99A-2237DCBF14DB}.Release|Any CPU.ActiveCfg = Release|Any CPU
		{A17B112D-3C0E-4095-A99A-2237DCBF14DB}.Release|Any CPU.Build.0 = Release|Any CPU
		{369CC541-B300-4423-A6C9-6F19C6DFFED8}.Debug|Any CPU.ActiveCfg = Debug|Any CPU
		{369CC541-B300-4423-A6C9-6F19C6DFFED8}.Debug|Any CPU.Build.0 = Debug|Any CPU
		{369CC541-B300-4423-A6C9-6F19C6DFFED8}.Release|Any CPU.ActiveCfg = Release|Any CPU
		{369CC541-B300-4423-A6C9-6F19C6DFFED8}.Release|Any CPU.Build.0 = Release|Any CPU
		{1AEFCEE6-55E7-4564-8AF1-0F9DD2D54F34}.Debug|Any CPU.ActiveCfg = Debug|Any CPU
		{1AEFCEE6-55E7-4564-8AF1-0F9DD2D54F34}.Debug|Any CPU.Build.0 = Debug|Any CPU
		{1AEFCEE6-55E7-4564-8AF1-0F9DD2D54F34}.Release|Any CPU.ActiveCfg = Release|Any CPU
		{1AEFCEE6-55E7-4564-8AF1-0F9DD2D54F34}.Release|Any CPU.Build.0 = Release|Any CPU
		{48B736EE-0BF2-40B7-9DE3-562BD57162B7}.Debug|Any CPU.ActiveCfg = Debug|Any CPU
		{48B736EE-0BF2-40B7-9DE3-562BD57162B7}.Debug|Any CPU.Build.0 = Debug|Any CPU
		{48B736EE-0BF2-40B7-9DE3-562BD57162B7}.Release|Any CPU.ActiveCfg = Release|Any CPU
		{48B736EE-0BF2-40B7-9DE3-562BD57162B7}.Release|Any CPU.Build.0 = Release|Any CPU
		{6EDA8974-FFF4-4DC6-A292-9E8480D372ED}.Debug|Any CPU.ActiveCfg = Debug|Any CPU
		{6EDA8974-FFF4-4DC6-A292-9E8480D372ED}.Debug|Any CPU.Build.0 = Debug|Any CPU
		{6EDA8974-FFF4-4DC6-A292-9E8480D372ED}.Release|Any CPU.ActiveCfg = Release|Any CPU
		{6EDA8974-FFF4-4DC6-A292-9E8480D372ED}.Release|Any CPU.Build.0 = Release|Any CPU
		{D9F12818-7E31-4CA6-9AF7-EFC9832273F4}.Debug|Any CPU.ActiveCfg = Debug|Any CPU
		{D9F12818-7E31-4CA6-9AF7-EFC9832273F4}.Debug|Any CPU.Build.0 = Debug|Any CPU
		{D9F12818-7E31-4CA6-9AF7-EFC9832273F4}.Release|Any CPU.ActiveCfg = Release|Any CPU
		{D9F12818-7E31-4CA6-9AF7-EFC9832273F4}.Release|Any CPU.Build.0 = Release|Any CPU
	EndGlobalSection
	GlobalSection(SolutionProperties) = preSolution
		HideSolutionNode = FALSE
	EndGlobalSection
	GlobalSection(NestedProjects) = preSolution
		{0C378A9F-873F-4ED5-AA37-A157AC682032} = {0683F2BE-B619-4305-AD8C-77324B329A0A}
		{D9FDECD0-2F92-4556-86A8-5532AE2DAC7B} = {0683F2BE-B619-4305-AD8C-77324B329A0A}
		{98735A74-85E5-40FF-9B60-5C0A8F98DEAF} = {0683F2BE-B619-4305-AD8C-77324B329A0A}
		{A17B112D-3C0E-4095-A99A-2237DCBF14DB} = {0683F2BE-B619-4305-AD8C-77324B329A0A}
		{369CC541-B300-4423-A6C9-6F19C6DFFED8} = {3CA71EE6-4E76-48B1-BD73-73F51AFC1E8A}
		{1AEFCEE6-55E7-4564-8AF1-0F9DD2D54F34} = {3CA71EE6-4E76-48B1-BD73-73F51AFC1E8A}
		{48B736EE-0BF2-40B7-9DE3-562BD57162B7} = {3CA71EE6-4E76-48B1-BD73-73F51AFC1E8A}
		{6EDA8974-FFF4-4DC6-A292-9E8480D372ED} = {3CA71EE6-4E76-48B1-BD73-73F51AFC1E8A}
		{D9F12818-7E31-4CA6-9AF7-EFC9832273F4} = {0683F2BE-B619-4305-AD8C-77324B329A0A}
	EndGlobalSection
EndGlobal
